
Microsoft Visual Studio Solution File, Format Version 12.00
# Visual Studio 2017
Project("{FAE04EC0-301F-11D3-BF4B-00C04F79EFBC}") = "Conv", "Conv.csproj", "{966F2BE3-1F8F-9E46-4E4E-8BEE71123463}"
EndProject
Global
	GlobalSection(SolutionConfigurationPlatforms) = preSolution
		Debug|Any CPU = Debug|Any CPU
		Release|Any CPU = Release|Any CPU
	EndGlobalSection
	GlobalSection(ProjectConfigurationPlatforms) = postSolution
		{966F2BE3-1F8F-9E46-4E4E-8BEE71123463}.Debug|Any CPU.ActiveCfg = Debug|Any CPU
		{966F2BE3-1F8F-9E46-4E4E-8BEE71123463}.Debug|Any CPU.Build.0 = Debug|Any CPU
		{966F2BE3-1F8F-9E46-4E4E-8BEE71123463}.Release|Any CPU.ActiveCfg = Release|Any CPU
		{966F2BE3-1F8F-9E46-4E4E-8BEE71123463}.Release|Any CPU.Build.0 = Release|Any CPU
	EndGlobalSection
	GlobalSection(SolutionProperties) = preSolution
		HideSolutionNode = FALSE
	EndGlobalSection
EndGlobal
