
Microsoft Visual Studio Solution File, Format Version 12.00
# Visual Studio 2013
Project("{FAE04EC0-301F-11D3-BF4B-00C04F79EFBC}") = "Dustys.CSharp", "Dustys.CSharp.csproj", "{252AEACA-381F-2F09-6D02-A5C9948E491D}"
EndProject
Global
	GlobalSection(SolutionConfigurationPlatforms) = preSolution
		Debug|Any CPU = Debug|Any CPU
		Release|Any CPU = Release|Any CPU
	EndGlobalSection
	GlobalSection(ProjectConfigurationPlatforms) = postSolution
		{252AEACA-381F-2F09-6D02-A5C9948E491D}.Debug|Any CPU.ActiveCfg = Debug|Any CPU
		{252AEACA-381F-2F09-6D02-A5C9948E491D}.Debug|Any CPU.Build.0 = Debug|Any CPU
		{252AEACA-381F-2F09-6D02-A5C9948E491D}.Release|Any CPU.ActiveCfg = Release|Any CPU
		{252AEACA-381F-2F09-6D02-A5C9948E491D}.Release|Any CPU.Build.0 = Release|Any CPU
	EndGlobalSection
	GlobalSection(SolutionProperties) = preSolution
		HideSolutionNode = FALSE
	EndGlobalSection
EndGlobal
